{
  "object": {
    "pins": [
      {
        "package": "SwiftConvenienceExtensions",
        "repositoryURL": "https://github.com/NCrusher74/SwiftConvenienceExtensions",
        "state": {
          "branch": null,
          "revision": "786cf2493e067b2ac154a3c7da5d967ca1ff89f3",
          "version": "2.0.9"
        }
      },
      {
        "package": "SwiftLanguageAndLocaleCodes",
        "repositoryURL": "https://github.com/NCrusher74/SwiftLanguageAndLocaleCodes",
        "state": {
          "branch": null,
          "revision": "6f3a3fa43e96db0c2e9aecf8a4891e9ba4964b9b",
          "version": "2.0.0"
        }
      }
    ]
  },
  "version": 1
}
