// !$*UTF8*$!
{
	archiveVersion = 1;
	classes = {
	};
	objectVersion = 52;
	objects = {

/* Begin PBXBuildFile section */
		51490E49243EBB4A009D4BA4 /* Frame.swift in Sources */ = {isa = PBXBuildFile; fileRef = 51490E48243EBB4A009D4BA4 /* Frame.swift */; };
		51490E51243EDB4F009D4BA4 /* FrameLayoutIdentifier.swift in Sources */ = {isa = PBXBuildFile; fileRef = 51490E50243EDB4F009D4BA4 /* FrameLayoutIdentifier.swift */; };
		51490E53243EF216009D4BA4 /* Data.swift in Sources */ = {isa = PBXBuildFile; fileRef = 51490E52243EF216009D4BA4 /* Data.swift */; };
		51490E55243EF28A009D4BA4 /* IntsExtensions.swift in Sources */ = {isa = PBXBuildFile; fileRef = 51490E54243EF28A009D4BA4 /* IntsExtensions.swift */; };
		51490E5C243EF94E009D4BA4 /* id3v2.3.0.txt in Resources */ = {isa = PBXBuildFile; fileRef = 51490E57243EF94D009D4BA4 /* id3v2.3.0.txt */; };
		51490E5D243EF94E009D4BA4 /* id3v2.4.0-structure.txt in Resources */ = {isa = PBXBuildFile; fileRef = 51490E58243EF94D009D4BA4 /* id3v2.4.0-structure.txt */; };
		51490E5F243EF94E009D4BA4 /* id3v2.2.0.txt in Resources */ = {isa = PBXBuildFile; fileRef = 51490E5A243EF94E009D4BA4 /* id3v2.2.0.txt */; };
		51490E60243EF94E009D4BA4 /* id3v2.4.0-frames.txt in Resources */ = {isa = PBXBuildFile; fileRef = 51490E5B243EF94E009D4BA4 /* id3v2.4.0-frames.txt */; };
		51490E62243EFA77009D4BA4 /* id3v2-chapters-1.0.html in Resources */ = {isa = PBXBuildFile; fileRef = 51490E61243EFA77009D4BA4 /* id3v2-chapters-1.0.html */; };
		51490E66243F1F92009D4BA4 /* Data.Subsquence.swift in Sources */ = {isa = PBXBuildFile; fileRef = 51490E65243F1F92009D4BA4 /* Data.Subsquence.swift */; };
		51490E6F243F3AA9009D4BA4 /* not-an-mp3.m4a in Resources */ = {isa = PBXBuildFile; fileRef = 51490E6E243F3AA9009D4BA4 /* not-an-mp3.m4a */; };
		51490E71243F3CE9009D4BA4 /* samplecover-green.jpg in Resources */ = {isa = PBXBuildFile; fileRef = 51490E70243F3CE9009D4BA4 /* samplecover-green.jpg */; };
		51490E79243F461E009D4BA4 /* mp3-v24-with-meta.mp3 in Resources */ = {isa = PBXBuildFile; fileRef = 51490E74243F461E009D4BA4 /* mp3-v24-with-meta.mp3 */; };
		51490E7A243F461E009D4BA4 /* mp3-v23-with-meta.mp3 in Resources */ = {isa = PBXBuildFile; fileRef = 51490E75243F461E009D4BA4 /* mp3-v23-with-meta.mp3 */; };
		51490E7B243F461E009D4BA4 /* mp3-v23-corrupted.mp3 in Resources */ = {isa = PBXBuildFile; fileRef = 51490E76243F461E009D4BA4 /* mp3-v23-corrupted.mp3 */; };
		51490E7C243F461E009D4BA4 /* mp3-nometa.mp3 in Resources */ = {isa = PBXBuildFile; fileRef = 51490E77243F461E009D4BA4 /* mp3-nometa.mp3 */; };
		51490E7D243F461E009D4BA4 /* mp3-v22-with-meta.mp3 in Resources */ = {isa = PBXBuildFile; fileRef = 51490E78243F461E009D4BA4 /* mp3-v22-with-meta.mp3 */; };
		51775436244058DB005E43C5 /* Tag.swift in Sources */ = {isa = PBXBuildFile; fileRef = 51775435244058DB005E43C5 /* Tag.swift */; };
		5177543B244136A3005E43C5 /* Endianess.swift in Sources */ = {isa = PBXBuildFile; fileRef = 5177543A244136A3005E43C5 /* Endianess.swift */; };
		5177543E24413768005E43C5 /* UnsignedInteger.swift in Sources */ = {isa = PBXBuildFile; fileRef = 5177543D24413768005E43C5 /* UnsignedInteger.swift */; };
		5177544824423D46005E43C5 /* StringFrame.swift in Sources */ = {isa = PBXBuildFile; fileRef = 5177544724423D46005E43C5 /* StringFrame.swift */; };
		5177544A2442743F005E43C5 /* FrameKey.swift in Sources */ = {isa = PBXBuildFile; fileRef = 517754492442743F005E43C5 /* FrameKey.swift */; };
		517754522442E6D3005E43C5 /* IsoCountryAndLanguageCodes in Frameworks */ = {isa = PBXBuildFile; productRef = 517754512442E6D3005E43C5 /* IsoCountryAndLanguageCodes */; };
		517754542442E757005E43C5 /* LocalizedFrame.swift in Sources */ = {isa = PBXBuildFile; fileRef = 517754532442E757005E43C5 /* LocalizedFrame.swift */; };
		517754562442E8E1005E43C5 /* ImageFrame.swift in Sources */ = {isa = PBXBuildFile; fileRef = 517754552442E8E1005E43C5 /* ImageFrame.swift */; };
		517754582442EB67005E43C5 /* CreditsListFrame.swift in Sources */ = {isa = PBXBuildFile; fileRef = 517754572442EB67005E43C5 /* CreditsListFrame.swift */; };
		5177545A2442EBE8005E43C5 /* GenreFrame.swift in Sources */ = {isa = PBXBuildFile; fileRef = 517754592442EBE8005E43C5 /* GenreFrame.swift */; };
		517E886A243DBCA300F9F8D6 /* mp3-chaptered.mp3 in Resources */ = {isa = PBXBuildFile; fileRef = 517E8869243DBCA300F9F8D6 /* mp3-chaptered.mp3 */; };
		518807212442ED4D008D488B /* LanguageFrame.swift in Sources */ = {isa = PBXBuildFile; fileRef = 518807202442ED4D008D488B /* LanguageFrame.swift */; };
		518807232442EE58008D488B /* PartOfTotalFrame.swift in Sources */ = {isa = PBXBuildFile; fileRef = 518807222442EE58008D488B /* PartOfTotalFrame.swift */; };
		518807252442EF4E008D488B /* ChapterFrame.swift in Sources */ = {isa = PBXBuildFile; fileRef = 518807242442EF4E008D488B /* ChapterFrame.swift */; };
		518807272442F055008D488B /* TableOfContentsFrame.swift in Sources */ = {isa = PBXBuildFile; fileRef = 518807262442F055008D488B /* TableOfContentsFrame.swift */; };
		518807292442F1CB008D488B /* ImageTypes.swift in Sources */ = {isa = PBXBuildFile; fileRef = 518807282442F1CB008D488B /* ImageTypes.swift */; };
		5188072B2442F3DE008D488B /* GenreTypes.swift in Sources */ = {isa = PBXBuildFile; fileRef = 5188072A2442F3DE008D488B /* GenreTypes.swift */; };
		51A3C69C2442F9E800909952 /* IntegerFrame.swift in Sources */ = {isa = PBXBuildFile; fileRef = 51A3C69B2442F9E800909952 /* IntegerFrame.swift */; };
		51A3C69E2442FB1A00909952 /* BooleanFrame.swift in Sources */ = {isa = PBXBuildFile; fileRef = 51A3C69D2442FB1A00909952 /* BooleanFrame.swift */; };
		51A3C6A02442FEF000909952 /* DateFrame.swift in Sources */ = {isa = PBXBuildFile; fileRef = 51A3C69F2442FEF000909952 /* DateFrame.swift */; };
		51A3C6A22442FFB300909952 /* UserTextFrame.swift in Sources */ = {isa = PBXBuildFile; fileRef = 51A3C6A12442FFB300909952 /* UserTextFrame.swift */; };
		51E432B6243DA257006574A1 /* SwiftTagger_MacOS.framework in Frameworks */ = {isa = PBXBuildFile; fileRef = 51E432AC243DA257006574A1 /* SwiftTagger_MacOS.framework */; };
		51E432BB243DA257006574A1 /* SwiftTagger_MacOSTests.swift in Sources */ = {isa = PBXBuildFile; fileRef = 51E432BA243DA257006574A1 /* SwiftTagger_MacOSTests.swift */; };
		51E432BD243DA257006574A1 /* SwiftTagger_MacOS.h in Headers */ = {isa = PBXBuildFile; fileRef = 51E432AF243DA257006574A1 /* SwiftTagger_MacOS.h */; settings = {ATTRIBUTES = (Public, ); }; };
		51E432C7243DA2E0006574A1 /* Mp3File.swift in Sources */ = {isa = PBXBuildFile; fileRef = 51E432C6243DA2E0006574A1 /* Mp3File.swift */; };
		51E432C9243DA35E006574A1 /* URL.swift in Sources */ = {isa = PBXBuildFile; fileRef = 51E432C8243DA35E006574A1 /* URL.swift */; };
		51E432CB243DA3F6006574A1 /* Mp3FileError.swift in Sources */ = {isa = PBXBuildFile; fileRef = 51E432CA243DA3F6006574A1 /* Mp3FileError.swift */; };
		51E432D2243DA64B006574A1 /* Bundle.swift in Sources */ = {isa = PBXBuildFile; fileRef = 51E432D1243DA64B006574A1 /* Bundle.swift */; };
		51E432D6243DAED8006574A1 /* TagValidator.swift in Sources */ = {isa = PBXBuildFile; fileRef = 51E432D5243DAED8006574A1 /* TagValidator.swift */; };
		51E432DA243DB096006574A1 /* Version.swift in Sources */ = {isa = PBXBuildFile; fileRef = 51E432D9243DB096006574A1 /* Version.swift */; };
		51FA3503243FB03C000997EC /* TagProperties.swift in Sources */ = {isa = PBXBuildFile; fileRef = 51FA3502243FB03C000997EC /* TagProperties.swift */; };
		51FA350624402512000997EC /* Collection.swift in Sources */ = {isa = PBXBuildFile; fileRef = 51FA350524402512000997EC /* Collection.swift */; };
		51FA35082440255F000997EC /* Sequence.swift in Sources */ = {isa = PBXBuildFile; fileRef = 51FA35072440255F000997EC /* Sequence.swift */; };
		51FA350A24402580000997EC /* String.swift in Sources */ = {isa = PBXBuildFile; fileRef = 51FA350924402580000997EC /* String.swift */; };
		51FA350C24402D48000997EC /* StringEncoding.swift in Sources */ = {isa = PBXBuildFile; fileRef = 51FA350B24402D48000997EC /* StringEncoding.swift */; };
		51FA350E244034B2000997EC /* UInt32.swift in Sources */ = {isa = PBXBuildFile; fileRef = 51FA350D244034B2000997EC /* UInt32.swift */; };
		51FA3510244038D0000997EC /* FrameProtocol.swift in Sources */ = {isa = PBXBuildFile; fileRef = 51FA350F244038D0000997EC /* FrameProtocol.swift */; };
/* End PBXBuildFile section */

/* Begin PBXContainerItemProxy section */
		51E432B7243DA257006574A1 /* PBXContainerItemProxy */ = {
			isa = PBXContainerItemProxy;
			containerPortal = 51E432A3243DA257006574A1 /* Project object */;
			proxyType = 1;
			remoteGlobalIDString = 51E432AB243DA257006574A1;
			remoteInfo = SwiftTagger_MacOS;
		};
/* End PBXContainerItemProxy section */

/* Begin PBXCopyFilesBuildPhase section */
		51782839243E729300C68DFA /* Embed Frameworks */ = {
			isa = PBXCopyFilesBuildPhase;
			buildActionMask = 2147483647;
			dstPath = "";
			dstSubfolderSpec = 10;
			files = (
			);
			name = "Embed Frameworks";
			runOnlyForDeploymentPostprocessing = 0;
		};
/* End PBXCopyFilesBuildPhase section */

/* Begin PBXFileReference section */
		51490E48243EBB4A009D4BA4 /* Frame.swift */ = {isa = PBXFileReference; lastKnownFileType = sourcecode.swift; path = Frame.swift; sourceTree = "<group>"; };
		51490E50243EDB4F009D4BA4 /* FrameLayoutIdentifier.swift */ = {isa = PBXFileReference; lastKnownFileType = sourcecode.swift; path = FrameLayoutIdentifier.swift; sourceTree = "<group>"; };
		51490E52243EF216009D4BA4 /* Data.swift */ = {isa = PBXFileReference; lastKnownFileType = sourcecode.swift; path = Data.swift; sourceTree = "<group>"; };
		51490E54243EF28A009D4BA4 /* IntsExtensions.swift */ = {isa = PBXFileReference; lastKnownFileType = sourcecode.swift; path = IntsExtensions.swift; sourceTree = "<group>"; };
		51490E57243EF94D009D4BA4 /* id3v2.3.0.txt */ = {isa = PBXFileReference; fileEncoding = 4; lastKnownFileType = text; path = id3v2.3.0.txt; sourceTree = "<group>"; };
		51490E58243EF94D009D4BA4 /* id3v2.4.0-structure.txt */ = {isa = PBXFileReference; fileEncoding = 4; lastKnownFileType = text; path = "id3v2.4.0-structure.txt"; sourceTree = "<group>"; };
		51490E5A243EF94E009D4BA4 /* id3v2.2.0.txt */ = {isa = PBXFileReference; fileEncoding = 4; lastKnownFileType = text; path = id3v2.2.0.txt; sourceTree = "<group>"; };
		51490E5B243EF94E009D4BA4 /* id3v2.4.0-frames.txt */ = {isa = PBXFileReference; fileEncoding = 4; lastKnownFileType = text; path = "id3v2.4.0-frames.txt"; sourceTree = "<group>"; };
		51490E61243EFA77009D4BA4 /* id3v2-chapters-1.0.html */ = {isa = PBXFileReference; lastKnownFileType = text.html; path = "id3v2-chapters-1.0.html"; sourceTree = "<group>"; };
		51490E65243F1F92009D4BA4 /* Data.Subsquence.swift */ = {isa = PBXFileReference; lastKnownFileType = sourcecode.swift; path = Data.Subsquence.swift; sourceTree = "<group>"; };
		51490E6E243F3AA9009D4BA4 /* not-an-mp3.m4a */ = {isa = PBXFileReference; lastKnownFileType = file; path = "not-an-mp3.m4a"; sourceTree = "<group>"; };
		51490E70243F3CE9009D4BA4 /* samplecover-green.jpg */ = {isa = PBXFileReference; lastKnownFileType = image.jpeg; path = "samplecover-green.jpg"; sourceTree = "<group>"; };
		51490E74243F461E009D4BA4 /* mp3-v24-with-meta.mp3 */ = {isa = PBXFileReference; lastKnownFileType = audio.mp3; path = "mp3-v24-with-meta.mp3"; sourceTree = "<group>"; };
		51490E75243F461E009D4BA4 /* mp3-v23-with-meta.mp3 */ = {isa = PBXFileReference; lastKnownFileType = audio.mp3; path = "mp3-v23-with-meta.mp3"; sourceTree = "<group>"; };
		51490E76243F461E009D4BA4 /* mp3-v23-corrupted.mp3 */ = {isa = PBXFileReference; lastKnownFileType = audio.mp3; path = "mp3-v23-corrupted.mp3"; sourceTree = "<group>"; };
		51490E77243F461E009D4BA4 /* mp3-nometa.mp3 */ = {isa = PBXFileReference; lastKnownFileType = audio.mp3; path = "mp3-nometa.mp3"; sourceTree = "<group>"; };
		51490E78243F461E009D4BA4 /* mp3-v22-with-meta.mp3 */ = {isa = PBXFileReference; lastKnownFileType = audio.mp3; path = "mp3-v22-with-meta.mp3"; sourceTree = "<group>"; };
		51775435244058DB005E43C5 /* Tag.swift */ = {isa = PBXFileReference; lastKnownFileType = sourcecode.swift; path = Tag.swift; sourceTree = "<group>"; };
		5177543A244136A3005E43C5 /* Endianess.swift */ = {isa = PBXFileReference; lastKnownFileType = sourcecode.swift; path = Endianess.swift; sourceTree = "<group>"; };
		5177543D24413768005E43C5 /* UnsignedInteger.swift */ = {isa = PBXFileReference; lastKnownFileType = sourcecode.swift; path = UnsignedInteger.swift; sourceTree = "<group>"; };
		5177544724423D46005E43C5 /* StringFrame.swift */ = {isa = PBXFileReference; lastKnownFileType = sourcecode.swift; path = StringFrame.swift; sourceTree = "<group>"; };
		517754492442743F005E43C5 /* FrameKey.swift */ = {isa = PBXFileReference; lastKnownFileType = sourcecode.swift; path = FrameKey.swift; sourceTree = "<group>"; };
		517754532442E757005E43C5 /* LocalizedFrame.swift */ = {isa = PBXFileReference; lastKnownFileType = sourcecode.swift; path = LocalizedFrame.swift; sourceTree = "<group>"; };
		517754552442E8E1005E43C5 /* ImageFrame.swift */ = {isa = PBXFileReference; lastKnownFileType = sourcecode.swift; path = ImageFrame.swift; sourceTree = "<group>"; };
		517754572442EB67005E43C5 /* CreditsListFrame.swift */ = {isa = PBXFileReference; lastKnownFileType = sourcecode.swift; path = CreditsListFrame.swift; sourceTree = "<group>"; };
		517754592442EBE8005E43C5 /* GenreFrame.swift */ = {isa = PBXFileReference; lastKnownFileType = sourcecode.swift; path = GenreFrame.swift; sourceTree = "<group>"; };
		517E8869243DBCA300F9F8D6 /* mp3-chaptered.mp3 */ = {isa = PBXFileReference; lastKnownFileType = audio.mp3; path = "mp3-chaptered.mp3"; sourceTree = "<group>"; };
		518807202442ED4D008D488B /* LanguageFrame.swift */ = {isa = PBXFileReference; lastKnownFileType = sourcecode.swift; path = LanguageFrame.swift; sourceTree = "<group>"; };
		518807222442EE58008D488B /* PartOfTotalFrame.swift */ = {isa = PBXFileReference; lastKnownFileType = sourcecode.swift; path = PartOfTotalFrame.swift; sourceTree = "<group>"; };
		518807242442EF4E008D488B /* ChapterFrame.swift */ = {isa = PBXFileReference; lastKnownFileType = sourcecode.swift; path = ChapterFrame.swift; sourceTree = "<group>"; };
		518807262442F055008D488B /* TableOfContentsFrame.swift */ = {isa = PBXFileReference; lastKnownFileType = sourcecode.swift; path = TableOfContentsFrame.swift; sourceTree = "<group>"; };
		518807282442F1CB008D488B /* ImageTypes.swift */ = {isa = PBXFileReference; lastKnownFileType = sourcecode.swift; path = ImageTypes.swift; sourceTree = "<group>"; };
		5188072A2442F3DE008D488B /* GenreTypes.swift */ = {isa = PBXFileReference; lastKnownFileType = sourcecode.swift; path = GenreTypes.swift; sourceTree = "<group>"; };
		51A3C69B2442F9E800909952 /* IntegerFrame.swift */ = {isa = PBXFileReference; lastKnownFileType = sourcecode.swift; path = IntegerFrame.swift; sourceTree = "<group>"; };
		51A3C69D2442FB1A00909952 /* BooleanFrame.swift */ = {isa = PBXFileReference; lastKnownFileType = sourcecode.swift; path = BooleanFrame.swift; sourceTree = "<group>"; };
		51A3C69F2442FEF000909952 /* DateFrame.swift */ = {isa = PBXFileReference; lastKnownFileType = sourcecode.swift; path = DateFrame.swift; sourceTree = "<group>"; };
		51A3C6A12442FFB300909952 /* UserTextFrame.swift */ = {isa = PBXFileReference; lastKnownFileType = sourcecode.swift; path = UserTextFrame.swift; sourceTree = "<group>"; };
		51E432AC243DA257006574A1 /* SwiftTagger_MacOS.framework */ = {isa = PBXFileReference; explicitFileType = wrapper.framework; includeInIndex = 0; path = SwiftTagger_MacOS.framework; sourceTree = BUILT_PRODUCTS_DIR; };
		51E432AF243DA257006574A1 /* SwiftTagger_MacOS.h */ = {isa = PBXFileReference; lastKnownFileType = sourcecode.c.h; path = SwiftTagger_MacOS.h; sourceTree = "<group>"; };
		51E432B0243DA257006574A1 /* SwiftTagger_MacOS.plist */ = {isa = PBXFileReference; lastKnownFileType = text.plist.xml; path = SwiftTagger_MacOS.plist; sourceTree = "<group>"; };
		51E432B5243DA257006574A1 /* SwiftTagger_MacOSTests.xctest */ = {isa = PBXFileReference; explicitFileType = wrapper.cfbundle; includeInIndex = 0; path = SwiftTagger_MacOSTests.xctest; sourceTree = BUILT_PRODUCTS_DIR; };
		51E432BA243DA257006574A1 /* SwiftTagger_MacOSTests.swift */ = {isa = PBXFileReference; lastKnownFileType = sourcecode.swift; path = SwiftTagger_MacOSTests.swift; sourceTree = "<group>"; };
		51E432BC243DA257006574A1 /* SwiftTagger_MacOSTests.plist */ = {isa = PBXFileReference; lastKnownFileType = text.plist.xml; path = SwiftTagger_MacOSTests.plist; sourceTree = "<group>"; };
		51E432C6243DA2E0006574A1 /* Mp3File.swift */ = {isa = PBXFileReference; lastKnownFileType = sourcecode.swift; path = Mp3File.swift; sourceTree = "<group>"; };
		51E432C8243DA35E006574A1 /* URL.swift */ = {isa = PBXFileReference; fileEncoding = 4; lastKnownFileType = sourcecode.swift; path = URL.swift; sourceTree = "<group>"; };
		51E432CA243DA3F6006574A1 /* Mp3FileError.swift */ = {isa = PBXFileReference; lastKnownFileType = sourcecode.swift; path = Mp3FileError.swift; sourceTree = "<group>"; };
		51E432D1243DA64B006574A1 /* Bundle.swift */ = {isa = PBXFileReference; fileEncoding = 4; lastKnownFileType = sourcecode.swift; path = Bundle.swift; sourceTree = "<group>"; };
		51E432D5243DAED8006574A1 /* TagValidator.swift */ = {isa = PBXFileReference; lastKnownFileType = sourcecode.swift; path = TagValidator.swift; sourceTree = "<group>"; };
		51E432D9243DB096006574A1 /* Version.swift */ = {isa = PBXFileReference; lastKnownFileType = sourcecode.swift; path = Version.swift; sourceTree = "<group>"; };
		51FA3502243FB03C000997EC /* TagProperties.swift */ = {isa = PBXFileReference; lastKnownFileType = sourcecode.swift; path = TagProperties.swift; sourceTree = "<group>"; };
		51FA350524402512000997EC /* Collection.swift */ = {isa = PBXFileReference; lastKnownFileType = sourcecode.swift; path = Collection.swift; sourceTree = "<group>"; };
		51FA35072440255F000997EC /* Sequence.swift */ = {isa = PBXFileReference; lastKnownFileType = sourcecode.swift; path = Sequence.swift; sourceTree = "<group>"; };
		51FA350924402580000997EC /* String.swift */ = {isa = PBXFileReference; lastKnownFileType = sourcecode.swift; path = String.swift; sourceTree = "<group>"; };
		51FA350B24402D48000997EC /* StringEncoding.swift */ = {isa = PBXFileReference; lastKnownFileType = sourcecode.swift; path = StringEncoding.swift; sourceTree = "<group>"; };
		51FA350D244034B2000997EC /* UInt32.swift */ = {isa = PBXFileReference; lastKnownFileType = sourcecode.swift; path = UInt32.swift; sourceTree = "<group>"; };
		51FA350F244038D0000997EC /* FrameProtocol.swift */ = {isa = PBXFileReference; lastKnownFileType = sourcecode.swift; path = FrameProtocol.swift; sourceTree = "<group>"; };
/* End PBXFileReference section */

/* Begin PBXFrameworksBuildPhase section */
		51E432A9243DA257006574A1 /* Frameworks */ = {
			isa = PBXFrameworksBuildPhase;
			buildActionMask = 2147483647;
			files = (
				517754522442E6D3005E43C5 /* IsoCountryAndLanguageCodes in Frameworks */,
			);
			runOnlyForDeploymentPostprocessing = 0;
		};
		51E432B2243DA257006574A1 /* Frameworks */ = {
			isa = PBXFrameworksBuildPhase;
			buildActionMask = 2147483647;
			files = (
				51E432B6243DA257006574A1 /* SwiftTagger_MacOS.framework in Frameworks */,
			);
			runOnlyForDeploymentPostprocessing = 0;
		};
/* End PBXFrameworksBuildPhase section */

/* Begin PBXGroup section */
		51490E43243EB647009D4BA4 /* Frame */ = {
			isa = PBXGroup;
			children = (
				5177544624423D2E005E43C5 /* FrameTypes */,
				51490E48243EBB4A009D4BA4 /* Frame.swift */,
				51490E50243EDB4F009D4BA4 /* FrameLayoutIdentifier.swift */,
				51E432D9243DB096006574A1 /* Version.swift */,
				517754492442743F005E43C5 /* FrameKey.swift */,
				51FA350F244038D0000997EC /* FrameProtocol.swift */,
			);
			path = Frame;
			sourceTree = "<group>";
		};
		51490E56243EF92F009D4BA4 /* Docs */ = {
			isa = PBXGroup;
			children = (
				51490E5A243EF94E009D4BA4 /* id3v2.2.0.txt */,
				51490E57243EF94D009D4BA4 /* id3v2.3.0.txt */,
				51490E5B243EF94E009D4BA4 /* id3v2.4.0-frames.txt */,
				51490E58243EF94D009D4BA4 /* id3v2.4.0-structure.txt */,
				51490E61243EFA77009D4BA4 /* id3v2-chapters-1.0.html */,
			);
			path = Docs;
			sourceTree = "<group>";
		};
		51490E6B243F314D009D4BA4 /* AdaptorsAndTools */ = {
			isa = PBXGroup;
			children = (
				51E432CF243DA608006574A1 /* Extensions */,
				51FA350B24402D48000997EC /* StringEncoding.swift */,
				5177543A244136A3005E43C5 /* Endianess.swift */,
			);
			path = AdaptorsAndTools;
			sourceTree = "<group>";
		};
		5177543C244136DA005E43C5 /* Convenience */ = {
			isa = PBXGroup;
			children = (
				51E432C8243DA35E006574A1 /* URL.swift */,
				51490E65243F1F92009D4BA4 /* Data.Subsquence.swift */,
				51FA350524402512000997EC /* Collection.swift */,
				51FA35072440255F000997EC /* Sequence.swift */,
				51FA350924402580000997EC /* String.swift */,
			);
			path = Convenience;
			sourceTree = "<group>";
		};
		5177544624423D2E005E43C5 /* FrameTypes */ = {
			isa = PBXGroup;
			children = (
				5177544724423D46005E43C5 /* StringFrame.swift */,
				51A3C69F2442FEF000909952 /* DateFrame.swift */,
				51A3C69B2442F9E800909952 /* IntegerFrame.swift */,
				517754572442EB67005E43C5 /* CreditsListFrame.swift */,
				51A3C6A12442FFB300909952 /* UserTextFrame.swift */,
				518807222442EE58008D488B /* PartOfTotalFrame.swift */,
				517754532442E757005E43C5 /* LocalizedFrame.swift */,
				517754552442E8E1005E43C5 /* ImageFrame.swift */,
				518807202442ED4D008D488B /* LanguageFrame.swift */,
				517754592442EBE8005E43C5 /* GenreFrame.swift */,
				518807242442EF4E008D488B /* ChapterFrame.swift */,
				51A3C69D2442FB1A00909952 /* BooleanFrame.swift */,
				518807262442F055008D488B /* TableOfContentsFrame.swift */,
				51A3C6A524441F6100909952 /* Reference */,
			);
			path = FrameTypes;
			sourceTree = "<group>";
		};
		51A3C6A524441F6100909952 /* Reference */ = {
			isa = PBXGroup;
			children = (
				518807282442F1CB008D488B /* ImageTypes.swift */,
				5188072A2442F3DE008D488B /* GenreTypes.swift */,
			);
			path = Reference;
			sourceTree = "<group>";
		};
		51D2BB0A243DB6FF00D06FEB /* Frameworks */ = {
			isa = PBXGroup;
			children = (
			);
			name = Frameworks;
			sourceTree = "<group>";
		};
		51E432A2243DA257006574A1 = {
			isa = PBXGroup;
			children = (
				51490E56243EF92F009D4BA4 /* Docs */,
				51E432AE243DA257006574A1 /* SwiftTagger_MacOS */,
				51E432B9243DA257006574A1 /* SwiftTagger_MacOSTests */,
				51E432AD243DA257006574A1 /* Products */,
				51D2BB0A243DB6FF00D06FEB /* Frameworks */,
			);
			sourceTree = "<group>";
		};
		51E432AD243DA257006574A1 /* Products */ = {
			isa = PBXGroup;
			children = (
				51E432AC243DA257006574A1 /* SwiftTagger_MacOS.framework */,
				51E432B5243DA257006574A1 /* SwiftTagger_MacOSTests.xctest */,
			);
			name = Products;
			sourceTree = "<group>";
		};
		51E432AE243DA257006574A1 /* SwiftTagger_MacOS */ = {
			isa = PBXGroup;
			children = (
				51E432AF243DA257006574A1 /* SwiftTagger_MacOS.h */,
				51E432B0243DA257006574A1 /* SwiftTagger_MacOS.plist */,
				51E432D0243DA61B006574A1 /* SwiftID3Tagger */,
				51490E6B243F314D009D4BA4 /* AdaptorsAndTools */,
			);
			path = SwiftTagger_MacOS;
			sourceTree = "<group>";
		};
		51E432B9243DA257006574A1 /* SwiftTagger_MacOSTests */ = {
			isa = PBXGroup;
			children = (
				51E432CC243DA5B4006574A1 /* TestMedia */,
				51E432BA243DA257006574A1 /* SwiftTagger_MacOSTests.swift */,
				51E432BC243DA257006574A1 /* SwiftTagger_MacOSTests.plist */,
			);
			path = SwiftTagger_MacOSTests;
			sourceTree = "<group>";
		};
		51E432CC243DA5B4006574A1 /* TestMedia */ = {
			isa = PBXGroup;
			children = (
				51E432D3243DA9D0006574A1 /* Ouput */,
				51E432D1243DA64B006574A1 /* Bundle.swift */,
				51490E77243F461E009D4BA4 /* mp3-nometa.mp3 */,
				51490E78243F461E009D4BA4 /* mp3-v22-with-meta.mp3 */,
				51490E76243F461E009D4BA4 /* mp3-v23-corrupted.mp3 */,
				51490E75243F461E009D4BA4 /* mp3-v23-with-meta.mp3 */,
				51490E74243F461E009D4BA4 /* mp3-v24-with-meta.mp3 */,
				51490E70243F3CE9009D4BA4 /* samplecover-green.jpg */,
				51490E6E243F3AA9009D4BA4 /* not-an-mp3.m4a */,
				517E8869243DBCA300F9F8D6 /* mp3-chaptered.mp3 */,
			);
			path = TestMedia;
			sourceTree = "<group>";
		};
		51E432CF243DA608006574A1 /* Extensions */ = {
			isa = PBXGroup;
			children = (
				5177543C244136DA005E43C5 /* Convenience */,
				51490E52243EF216009D4BA4 /* Data.swift */,
				51490E54243EF28A009D4BA4 /* IntsExtensions.swift */,
				51FA350D244034B2000997EC /* UInt32.swift */,
				5177543D24413768005E43C5 /* UnsignedInteger.swift */,
			);
			path = Extensions;
			sourceTree = "<group>";
		};
		51E432D0243DA61B006574A1 /* SwiftID3Tagger */ = {
			isa = PBXGroup;
			children = (
				51E432C6243DA2E0006574A1 /* Mp3File.swift */,
				51E432CA243DA3F6006574A1 /* Mp3FileError.swift */,
				51775435244058DB005E43C5 /* Tag.swift */,
				51490E43243EB647009D4BA4 /* Frame */,
				51E432D4243DAEB6006574A1 /* Tag */,
			);
			path = SwiftID3Tagger;
			sourceTree = "<group>";
		};
		51E432D3243DA9D0006574A1 /* Ouput */ = {
			isa = PBXGroup;
			children = (
			);
			path = Ouput;
			sourceTree = "<group>";
		};
		51E432D4243DAEB6006574A1 /* Tag */ = {
			isa = PBXGroup;
			children = (
				51E432D5243DAED8006574A1 /* TagValidator.swift */,
				51FA3502243FB03C000997EC /* TagProperties.swift */,
			);
			path = Tag;
			sourceTree = "<group>";
		};
/* End PBXGroup section */

/* Begin PBXHeadersBuildPhase section */
		51E432A7243DA257006574A1 /* Headers */ = {
			isa = PBXHeadersBuildPhase;
			buildActionMask = 2147483647;
			files = (
				51E432BD243DA257006574A1 /* SwiftTagger_MacOS.h in Headers */,
			);
			runOnlyForDeploymentPostprocessing = 0;
		};
/* End PBXHeadersBuildPhase section */

/* Begin PBXNativeTarget section */
		51E432AB243DA257006574A1 /* SwiftTagger_MacOS */ = {
			isa = PBXNativeTarget;
			buildConfigurationList = 51E432C0243DA257006574A1 /* Build configuration list for PBXNativeTarget "SwiftTagger_MacOS" */;
			buildPhases = (
				51E432A7243DA257006574A1 /* Headers */,
				51E432A8243DA257006574A1 /* Sources */,
				51E432A9243DA257006574A1 /* Frameworks */,
				51E432AA243DA257006574A1 /* Resources */,
				51782839243E729300C68DFA /* Embed Frameworks */,
			);
			buildRules = (
			);
			dependencies = (
			);
			name = SwiftTagger_MacOS;
			packageProductDependencies = (
				517754512442E6D3005E43C5 /* IsoCountryAndLanguageCodes */,
			);
			productName = SwiftTagger_MacOS;
			productReference = 51E432AC243DA257006574A1 /* SwiftTagger_MacOS.framework */;
			productType = "com.apple.product-type.framework";
		};
		51E432B4243DA257006574A1 /* SwiftTagger_MacOSTests */ = {
			isa = PBXNativeTarget;
			buildConfigurationList = 51E432C3243DA257006574A1 /* Build configuration list for PBXNativeTarget "SwiftTagger_MacOSTests" */;
			buildPhases = (
				51E432B1243DA257006574A1 /* Sources */,
				51E432B2243DA257006574A1 /* Frameworks */,
				51E432B3243DA257006574A1 /* Resources */,
			);
			buildRules = (
			);
			dependencies = (
				51E432B8243DA257006574A1 /* PBXTargetDependency */,
			);
			name = SwiftTagger_MacOSTests;
			productName = SwiftTagger_MacOSTests;
			productReference = 51E432B5243DA257006574A1 /* SwiftTagger_MacOSTests.xctest */;
			productType = "com.apple.product-type.bundle.unit-test";
		};
/* End PBXNativeTarget section */

/* Begin PBXProject section */
		51E432A3243DA257006574A1 /* Project object */ = {
			isa = PBXProject;
			attributes = {
				LastSwiftUpdateCheck = 1140;
				LastUpgradeCheck = 1140;
				ORGANIZATIONNAME = "Nolaine Crusher";
				TargetAttributes = {
					51E432AB243DA257006574A1 = {
						CreatedOnToolsVersion = 11.4;
						LastSwiftMigration = 1140;
					};
					51E432B4243DA257006574A1 = {
						CreatedOnToolsVersion = 11.4;
					};
				};
			};
			buildConfigurationList = 51E432A6243DA257006574A1 /* Build configuration list for PBXProject "SwiftTagger_MacOS" */;
			compatibilityVersion = "Xcode 9.3";
			developmentRegion = en;
			hasScannedForEncodings = 0;
			knownRegions = (
				en,
				Base,
			);
			mainGroup = 51E432A2243DA257006574A1;
			packageReferences = (
				517754502442E6D3005E43C5 /* XCRemoteSwiftPackageReference "IsoCountryandLanguageCodes" */,
			);
			productRefGroup = 51E432AD243DA257006574A1 /* Products */;
			projectDirPath = "";
			projectRoot = "";
			targets = (
				51E432AB243DA257006574A1 /* SwiftTagger_MacOS */,
				51E432B4243DA257006574A1 /* SwiftTagger_MacOSTests */,
			);
		};
/* End PBXProject section */

/* Begin PBXResourcesBuildPhase section */
		51E432AA243DA257006574A1 /* Resources */ = {
			isa = PBXResourcesBuildPhase;
			buildActionMask = 2147483647;
			files = (
				51490E60243EF94E009D4BA4 /* id3v2.4.0-frames.txt in Resources */,
				51490E5F243EF94E009D4BA4 /* id3v2.2.0.txt in Resources */,
				51490E5C243EF94E009D4BA4 /* id3v2.3.0.txt in Resources */,
				51490E5D243EF94E009D4BA4 /* id3v2.4.0-structure.txt in Resources */,
				51490E62243EFA77009D4BA4 /* id3v2-chapters-1.0.html in Resources */,
			);
			runOnlyForDeploymentPostprocessing = 0;
		};
		51E432B3243DA257006574A1 /* Resources */ = {
			isa = PBXResourcesBuildPhase;
			buildActionMask = 2147483647;
			files = (
				51490E6F243F3AA9009D4BA4 /* not-an-mp3.m4a in Resources */,
				51490E7C243F461E009D4BA4 /* mp3-nometa.mp3 in Resources */,
				51490E79243F461E009D4BA4 /* mp3-v24-with-meta.mp3 in Resources */,
				51490E7B243F461E009D4BA4 /* mp3-v23-corrupted.mp3 in Resources */,
				517E886A243DBCA300F9F8D6 /* mp3-chaptered.mp3 in Resources */,
				51490E7A243F461E009D4BA4 /* mp3-v23-with-meta.mp3 in Resources */,
				51490E71243F3CE9009D4BA4 /* samplecover-green.jpg in Resources */,
				51490E7D243F461E009D4BA4 /* mp3-v22-with-meta.mp3 in Resources */,
			);
			runOnlyForDeploymentPostprocessing = 0;
		};
/* End PBXResourcesBuildPhase section */

/* Begin PBXSourcesBuildPhase section */
		51E432A8243DA257006574A1 /* Sources */ = {
			isa = PBXSourcesBuildPhase;
			buildActionMask = 2147483647;
			files = (
				51490E49243EBB4A009D4BA4 /* Frame.swift in Sources */,
				51FA350624402512000997EC /* Collection.swift in Sources */,
				51E432C7243DA2E0006574A1 /* Mp3File.swift in Sources */,
				51FA350E244034B2000997EC /* UInt32.swift in Sources */,
				5177544A2442743F005E43C5 /* FrameKey.swift in Sources */,
				517754582442EB67005E43C5 /* CreditsListFrame.swift in Sources */,
				518807292442F1CB008D488B /* ImageTypes.swift in Sources */,
				51E432DA243DB096006574A1 /* Version.swift in Sources */,
				51FA350C24402D48000997EC /* StringEncoding.swift in Sources */,
				51E432CB243DA3F6006574A1 /* Mp3FileError.swift in Sources */,
				517754542442E757005E43C5 /* LocalizedFrame.swift in Sources */,
				51A3C6A22442FFB300909952 /* UserTextFrame.swift in Sources */,
				5177543B244136A3005E43C5 /* Endianess.swift in Sources */,
				51FA35082440255F000997EC /* Sequence.swift in Sources */,
				51E432D6243DAED8006574A1 /* TagValidator.swift in Sources */,
				518807252442EF4E008D488B /* ChapterFrame.swift in Sources */,
				51A3C69C2442F9E800909952 /* IntegerFrame.swift in Sources */,
				51FA3503243FB03C000997EC /* TagProperties.swift in Sources */,
				5177545A2442EBE8005E43C5 /* GenreFrame.swift in Sources */,
				5188072B2442F3DE008D488B /* GenreTypes.swift in Sources */,
				51A3C69E2442FB1A00909952 /* BooleanFrame.swift in Sources */,
				51FA3510244038D0000997EC /* FrameProtocol.swift in Sources */,
				51A3C6A02442FEF000909952 /* DateFrame.swift in Sources */,
				51490E51243EDB4F009D4BA4 /* FrameLayoutIdentifier.swift in Sources */,
				518807232442EE58008D488B /* PartOfTotalFrame.swift in Sources */,
				51FA350A24402580000997EC /* String.swift in Sources */,
				51490E53243EF216009D4BA4 /* Data.swift in Sources */,
				5177544824423D46005E43C5 /* StringFrame.swift in Sources */,
				51E432C9243DA35E006574A1 /* URL.swift in Sources */,
				5177543E24413768005E43C5 /* UnsignedInteger.swift in Sources */,
				51490E66243F1F92009D4BA4 /* Data.Subsquence.swift in Sources */,
				51490E55243EF28A009D4BA4 /* IntsExtensions.swift in Sources */,
				51775436244058DB005E43C5 /* Tag.swift in Sources */,
				518807272442F055008D488B /* TableOfContentsFrame.swift in Sources */,
				518807212442ED4D008D488B /* LanguageFrame.swift in Sources */,
				517754562442E8E1005E43C5 /* ImageFrame.swift in Sources */,
			);
			runOnlyForDeploymentPostprocessing = 0;
		};
		51E432B1243DA257006574A1 /* Sources */ = {
			isa = PBXSourcesBuildPhase;
			buildActionMask = 2147483647;
			files = (
				51E432BB243DA257006574A1 /* SwiftTagger_MacOSTests.swift in Sources */,
				51E432D2243DA64B006574A1 /* Bundle.swift in Sources */,
			);
			runOnlyForDeploymentPostprocessing = 0;
		};
/* End PBXSourcesBuildPhase section */

/* Begin PBXTargetDependency section */
		51E432B8243DA257006574A1 /* PBXTargetDependency */ = {
			isa = PBXTargetDependency;
			target = 51E432AB243DA257006574A1 /* SwiftTagger_MacOS */;
			targetProxy = 51E432B7243DA257006574A1 /* PBXContainerItemProxy */;
		};
/* End PBXTargetDependency section */

/* Begin XCBuildConfiguration section */
		51E432BE243DA257006574A1 /* Debug */ = {
			isa = XCBuildConfiguration;
			buildSettings = {
				ALWAYS_SEARCH_USER_PATHS = NO;
				CLANG_ANALYZER_NONNULL = YES;
				CLANG_ANALYZER_NUMBER_OBJECT_CONVERSION = YES_AGGRESSIVE;
				CLANG_CXX_LANGUAGE_STANDARD = "gnu++14";
				CLANG_CXX_LIBRARY = "libc++";
				CLANG_ENABLE_MODULES = YES;
				CLANG_ENABLE_OBJC_ARC = YES;
				CLANG_ENABLE_OBJC_WEAK = YES;
				CLANG_WARN_BLOCK_CAPTURE_AUTORELEASING = YES;
				CLANG_WARN_BOOL_CONVERSION = YES;
				CLANG_WARN_COMMA = YES;
				CLANG_WARN_CONSTANT_CONVERSION = YES;
				CLANG_WARN_DEPRECATED_OBJC_IMPLEMENTATIONS = YES;
				CLANG_WARN_DIRECT_OBJC_ISA_USAGE = YES_ERROR;
				CLANG_WARN_DOCUMENTATION_COMMENTS = YES;
				CLANG_WARN_EMPTY_BODY = YES;
				CLANG_WARN_ENUM_CONVERSION = YES;
				CLANG_WARN_INFINITE_RECURSION = YES;
				CLANG_WARN_INT_CONVERSION = YES;
				CLANG_WARN_NON_LITERAL_NULL_CONVERSION = YES;
				CLANG_WARN_OBJC_IMPLICIT_RETAIN_SELF = YES;
				CLANG_WARN_OBJC_LITERAL_CONVERSION = YES;
				CLANG_WARN_OBJC_ROOT_CLASS = YES_ERROR;
				CLANG_WARN_RANGE_LOOP_ANALYSIS = YES;
				CLANG_WARN_STRICT_PROTOTYPES = YES;
				CLANG_WARN_SUSPICIOUS_MOVE = YES;
				CLANG_WARN_UNGUARDED_AVAILABILITY = YES_AGGRESSIVE;
				CLANG_WARN_UNREACHABLE_CODE = YES;
				CLANG_WARN__DUPLICATE_METHOD_MATCH = YES;
				COPY_PHASE_STRIP = NO;
				CURRENT_PROJECT_VERSION = 1;
				DEBUG_INFORMATION_FORMAT = dwarf;
				ENABLE_STRICT_OBJC_MSGSEND = YES;
				ENABLE_TESTABILITY = YES;
				GCC_C_LANGUAGE_STANDARD = gnu11;
				GCC_DYNAMIC_NO_PIC = NO;
				GCC_NO_COMMON_BLOCKS = YES;
				GCC_OPTIMIZATION_LEVEL = 0;
				GCC_PREPROCESSOR_DEFINITIONS = (
					"DEBUG=1",
					"$(inherited)",
				);
				GCC_WARN_64_TO_32_BIT_CONVERSION = YES;
				GCC_WARN_ABOUT_RETURN_TYPE = YES_ERROR;
				GCC_WARN_UNDECLARED_SELECTOR = YES;
				GCC_WARN_UNINITIALIZED_AUTOS = YES_AGGRESSIVE;
				GCC_WARN_UNUSED_FUNCTION = YES;
				GCC_WARN_UNUSED_VARIABLE = YES;
				MACOSX_DEPLOYMENT_TARGET = 10.15;
				MTL_ENABLE_DEBUG_INFO = INCLUDE_SOURCE;
				MTL_FAST_MATH = YES;
				ONLY_ACTIVE_ARCH = YES;
				SDKROOT = macosx;
				SWIFT_ACTIVE_COMPILATION_CONDITIONS = DEBUG;
				SWIFT_OPTIMIZATION_LEVEL = "-Onone";
				VERSIONING_SYSTEM = "apple-generic";
				VERSION_INFO_PREFIX = "";
			};
			name = Debug;
		};
		51E432BF243DA257006574A1 /* Release */ = {
			isa = XCBuildConfiguration;
			buildSettings = {
				ALWAYS_SEARCH_USER_PATHS = NO;
				CLANG_ANALYZER_NONNULL = YES;
				CLANG_ANALYZER_NUMBER_OBJECT_CONVERSION = YES_AGGRESSIVE;
				CLANG_CXX_LANGUAGE_STANDARD = "gnu++14";
				CLANG_CXX_LIBRARY = "libc++";
				CLANG_ENABLE_MODULES = YES;
				CLANG_ENABLE_OBJC_ARC = YES;
				CLANG_ENABLE_OBJC_WEAK = YES;
				CLANG_WARN_BLOCK_CAPTURE_AUTORELEASING = YES;
				CLANG_WARN_BOOL_CONVERSION = YES;
				CLANG_WARN_COMMA = YES;
				CLANG_WARN_CONSTANT_CONVERSION = YES;
				CLANG_WARN_DEPRECATED_OBJC_IMPLEMENTATIONS = YES;
				CLANG_WARN_DIRECT_OBJC_ISA_USAGE = YES_ERROR;
				CLANG_WARN_DOCUMENTATION_COMMENTS = YES;
				CLANG_WARN_EMPTY_BODY = YES;
				CLANG_WARN_ENUM_CONVERSION = YES;
				CLANG_WARN_INFINITE_RECURSION = YES;
				CLANG_WARN_INT_CONVERSION = YES;
				CLANG_WARN_NON_LITERAL_NULL_CONVERSION = YES;
				CLANG_WARN_OBJC_IMPLICIT_RETAIN_SELF = YES;
				CLANG_WARN_OBJC_LITERAL_CONVERSION = YES;
				CLANG_WARN_OBJC_ROOT_CLASS = YES_ERROR;
				CLANG_WARN_RANGE_LOOP_ANALYSIS = YES;
				CLANG_WARN_STRICT_PROTOTYPES = YES;
				CLANG_WARN_SUSPICIOUS_MOVE = YES;
				CLANG_WARN_UNGUARDED_AVAILABILITY = YES_AGGRESSIVE;
				CLANG_WARN_UNREACHABLE_CODE = YES;
				CLANG_WARN__DUPLICATE_METHOD_MATCH = YES;
				COPY_PHASE_STRIP = NO;
				CURRENT_PROJECT_VERSION = 1;
				DEBUG_INFORMATION_FORMAT = "dwarf-with-dsym";
				ENABLE_NS_ASSERTIONS = NO;
				ENABLE_STRICT_OBJC_MSGSEND = YES;
				GCC_C_LANGUAGE_STANDARD = gnu11;
				GCC_NO_COMMON_BLOCKS = YES;
				GCC_WARN_64_TO_32_BIT_CONVERSION = YES;
				GCC_WARN_ABOUT_RETURN_TYPE = YES_ERROR;
				GCC_WARN_UNDECLARED_SELECTOR = YES;
				GCC_WARN_UNINITIALIZED_AUTOS = YES_AGGRESSIVE;
				GCC_WARN_UNUSED_FUNCTION = YES;
				GCC_WARN_UNUSED_VARIABLE = YES;
				MACOSX_DEPLOYMENT_TARGET = 10.15;
				MTL_ENABLE_DEBUG_INFO = NO;
				MTL_FAST_MATH = YES;
				SDKROOT = macosx;
				SWIFT_COMPILATION_MODE = wholemodule;
				SWIFT_OPTIMIZATION_LEVEL = "-O";
				VERSIONING_SYSTEM = "apple-generic";
				VERSION_INFO_PREFIX = "";
			};
			name = Release;
		};
		51E432C1243DA257006574A1 /* Debug */ = {
			isa = XCBuildConfiguration;
			buildSettings = {
				CLANG_ENABLE_MODULES = YES;
				CODE_SIGN_STYLE = Automatic;
				COMBINE_HIDPI_IMAGES = YES;
				DEFINES_MODULE = YES;
				DYLIB_COMPATIBILITY_VERSION = 1;
				DYLIB_CURRENT_VERSION = 1;
				DYLIB_INSTALL_NAME_BASE = "@rpath";
				INFOPLIST_FILE = SwiftTagger_MacOS/SwiftTagger_MacOS.plist;
				INSTALL_PATH = "$(LOCAL_LIBRARY_DIR)/Frameworks";
				LD_RUNPATH_SEARCH_PATHS = (
					"$(inherited)",
					"@executable_path/../Frameworks",
					"@loader_path/Frameworks",
				);
				PRODUCT_BUNDLE_IDENTIFIER = "com.NCrusher.SwiftTagger-MacOS";
				PRODUCT_NAME = "$(TARGET_NAME:c99extidentifier)";
				SKIP_INSTALL = YES;
				SWIFT_OPTIMIZATION_LEVEL = "-Onone";
				SWIFT_VERSION = 5.0;
			};
			name = Debug;
		};
		51E432C2243DA257006574A1 /* Release */ = {
			isa = XCBuildConfiguration;
			buildSettings = {
				CLANG_ENABLE_MODULES = YES;
				CODE_SIGN_STYLE = Automatic;
				COMBINE_HIDPI_IMAGES = YES;
				DEFINES_MODULE = YES;
				DYLIB_COMPATIBILITY_VERSION = 1;
				DYLIB_CURRENT_VERSION = 1;
				DYLIB_INSTALL_NAME_BASE = "@rpath";
				INFOPLIST_FILE = SwiftTagger_MacOS/SwiftTagger_MacOS.plist;
				INSTALL_PATH = "$(LOCAL_LIBRARY_DIR)/Frameworks";
				LD_RUNPATH_SEARCH_PATHS = (
					"$(inherited)",
					"@executable_path/../Frameworks",
					"@loader_path/Frameworks",
				);
				PRODUCT_BUNDLE_IDENTIFIER = "com.NCrusher.SwiftTagger-MacOS";
				PRODUCT_NAME = "$(TARGET_NAME:c99extidentifier)";
				SKIP_INSTALL = YES;
				SWIFT_VERSION = 5.0;
			};
			name = Release;
		};
		51E432C4243DA257006574A1 /* Debug */ = {
			isa = XCBuildConfiguration;
			buildSettings = {
				ALWAYS_EMBED_SWIFT_STANDARD_LIBRARIES = YES;
				CODE_SIGN_STYLE = Automatic;
				COMBINE_HIDPI_IMAGES = YES;
				INFOPLIST_FILE = SwiftTagger_MacOSTests/SwiftTagger_MacOSTests.plist;
				LD_RUNPATH_SEARCH_PATHS = (
					"$(inherited)",
					"@executable_path/../Frameworks",
					"@loader_path/../Frameworks",
				);
				PRODUCT_BUNDLE_IDENTIFIER = "com.NCrusher.SwiftTagger-MacOSTests";
				PRODUCT_NAME = "$(TARGET_NAME)";
				SWIFT_VERSION = 5.0;
			};
			name = Debug;
		};
		51E432C5243DA257006574A1 /* Release */ = {
			isa = XCBuildConfiguration;
			buildSettings = {
				ALWAYS_EMBED_SWIFT_STANDARD_LIBRARIES = YES;
				CODE_SIGN_STYLE = Automatic;
				COMBINE_HIDPI_IMAGES = YES;
				INFOPLIST_FILE = SwiftTagger_MacOSTests/SwiftTagger_MacOSTests.plist;
				LD_RUNPATH_SEARCH_PATHS = (
					"$(inherited)",
					"@executable_path/../Frameworks",
					"@loader_path/../Frameworks",
				);
				PRODUCT_BUNDLE_IDENTIFIER = "com.NCrusher.SwiftTagger-MacOSTests";
				PRODUCT_NAME = "$(TARGET_NAME)";
				SWIFT_VERSION = 5.0;
			};
			name = Release;
		};
/* End XCBuildConfiguration section */

/* Begin XCConfigurationList section */
		51E432A6243DA257006574A1 /* Build configuration list for PBXProject "SwiftTagger_MacOS" */ = {
			isa = XCConfigurationList;
			buildConfigurations = (
				51E432BE243DA257006574A1 /* Debug */,
				51E432BF243DA257006574A1 /* Release */,
			);
			defaultConfigurationIsVisible = 0;
			defaultConfigurationName = Release;
		};
		51E432C0243DA257006574A1 /* Build configuration list for PBXNativeTarget "SwiftTagger_MacOS" */ = {
			isa = XCConfigurationList;
			buildConfigurations = (
				51E432C1243DA257006574A1 /* Debug */,
				51E432C2243DA257006574A1 /* Release */,
			);
			defaultConfigurationIsVisible = 0;
			defaultConfigurationName = Release;
		};
		51E432C3243DA257006574A1 /* Build configuration list for PBXNativeTarget "SwiftTagger_MacOSTests" */ = {
			isa = XCConfigurationList;
			buildConfigurations = (
				51E432C4243DA257006574A1 /* Debug */,
				51E432C5243DA257006574A1 /* Release */,
			);
			defaultConfigurationIsVisible = 0;
			defaultConfigurationName = Release;
		};
/* End XCConfigurationList section */

/* Begin XCRemoteSwiftPackageReference section */
		517754502442E6D3005E43C5 /* XCRemoteSwiftPackageReference "IsoCountryandLanguageCodes" */ = {
			isa = XCRemoteSwiftPackageReference;
			repositoryURL = "https://github.com/NCrusher74/IsoCountryandLanguageCodes.git";
			requirement = {
				branch = master;
				kind = branch;
			};
		};
/* End XCRemoteSwiftPackageReference section */

/* Begin XCSwiftPackageProductDependency section */
		517754512442E6D3005E43C5 /* IsoCountryAndLanguageCodes */ = {
			isa = XCSwiftPackageProductDependency;
			package = 517754502442E6D3005E43C5 /* XCRemoteSwiftPackageReference "IsoCountryandLanguageCodes" */;
			productName = IsoCountryAndLanguageCodes;
		};
/* End XCSwiftPackageProductDependency section */
	};
	rootObject = 51E432A3243DA257006574A1 /* Project object */;
}
